
Microsoft Visual Studio Solution File, Format Version 12.00
# Visual Studio Version 16
VisualStudioVersion = 16.0.29613.14
MinimumVisualStudioVersion = 10.0.40219.1
Project("{9A19103F-16F7-4668-BE54-9A1E7A4F7556}") = "PrecacheManagerServer.DAL", "PrecacheManagerServer.DAL\PrecacheManagerServer.DAL.csproj", "{C2AC9CCC-F591-4EE0-A0A9-1BDDF1741C68}"
EndProject
Project("{9A19103F-16F7-4668-BE54-9A1E7A4F7556}") = "PrecacheManagerServer.BLL", "PrecacheManagerServer.BLL\PrecacheManagerServer.BLL.csproj", "{2241143B-8DE5-44D1-B13D-9EDB205D6458}"
EndProject
Project("{9A19103F-16F7-4668-BE54-9A1E7A4F7556}") = "PrecacheManagerServer.API", "PrecacheManagerServer.API\PrecacheManagerServer.API.csproj", "{8833ED18-EAC2-4962-812E-B637F3607DD7}"
EndProject
Project("{9A19103F-16F7-4668-BE54-9A1E7A4F7556}") = "PrecacheManagerServer.Shared", "PrecacheManagerServer.Shared\PrecacheManagerServer.Shared.csproj", "{18FBC6AE-A7EE-4FAF-8BBE-888841E7DACC}"
EndProject
Project("{FAE04EC0-301F-11D3-BF4B-00C04F79EFBC}") = "PrecacheServerManager.Test", "PrecacheServerManager.Test\PrecacheServerManager.Test.csproj", "{DB417C3E-6C76-4B14-B53F-B6F173CCA179}"
EndProject
Global
	GlobalSection(SolutionConfigurationPlatforms) = preSolution
		Debug|Any CPU = Debug|Any CPU
		Release|Any CPU = Release|Any CPU
	EndGlobalSection
	GlobalSection(ProjectConfigurationPlatforms) = postSolution
		{C2AC9CCC-F591-4EE0-A0A9-1BDDF1741C68}.Debug|Any CPU.ActiveCfg = Debug|Any CPU
		{C2AC9CCC-F591-4EE0-A0A9-1BDDF1741C68}.Debug|Any CPU.Build.0 = Debug|Any CPU
		{C2AC9CCC-F591-4EE0-A0A9-1BDDF1741C68}.Release|Any CPU.ActiveCfg = Release|Any CPU
		{C2AC9CCC-F591-4EE0-A0A9-1BDDF1741C68}.Release|Any CPU.Build.0 = Release|Any CPU
		{2241143B-8DE5-44D1-B13D-9EDB205D6458}.Debug|Any CPU.ActiveCfg = Debug|Any CPU
		{2241143B-8DE5-44D1-B13D-9EDB205D6458}.Debug|Any CPU.Build.0 = Debug|Any CPU
		{2241143B-8DE5-44D1-B13D-9EDB205D6458}.Release|Any CPU.ActiveCfg = Release|Any CPU
		{2241143B-8DE5-44D1-B13D-9EDB205D6458}.Release|Any CPU.Build.0 = Release|Any CPU
		{8833ED18-EAC2-4962-812E-B637F3607DD7}.Debug|Any CPU.ActiveCfg = Debug|Any CPU
		{8833ED18-EAC2-4962-812E-B637F3607DD7}.Debug|Any CPU.Build.0 = Debug|Any CPU
		{8833ED18-EAC2-4962-812E-B637F3607DD7}.Release|Any CPU.ActiveCfg = Release|Any CPU
		{8833ED18-EAC2-4962-812E-B637F3607DD7}.Release|Any CPU.Build.0 = Release|Any CPU
		{18FBC6AE-A7EE-4FAF-8BBE-888841E7DACC}.Debug|Any CPU.ActiveCfg = Debug|Any CPU
		{18FBC6AE-A7EE-4FAF-8BBE-888841E7DACC}.Debug|Any CPU.Build.0 = Debug|Any CPU
		{18FBC6AE-A7EE-4FAF-8BBE-888841E7DACC}.Release|Any CPU.ActiveCfg = Release|Any CPU
		{18FBC6AE-A7EE-4FAF-8BBE-888841E7DACC}.Release|Any CPU.Build.0 = Release|Any CPU
		{DB417C3E-6C76-4B14-B53F-B6F173CCA179}.Debug|Any CPU.ActiveCfg = Debug|Any CPU
		{DB417C3E-6C76-4B14-B53F-B6F173CCA179}.Debug|Any CPU.Build.0 = Debug|Any CPU
		{DB417C3E-6C76-4B14-B53F-B6F173CCA179}.Release|Any CPU.ActiveCfg = Release|Any CPU
		{DB417C3E-6C76-4B14-B53F-B6F173CCA179}.Release|Any CPU.Build.0 = Release|Any CPU
	EndGlobalSection
	GlobalSection(SolutionProperties) = preSolution
		HideSolutionNode = FALSE
	EndGlobalSection
	GlobalSection(ExtensibilityGlobals) = postSolution
		SolutionGuid = {F152D019-8CDD-4563-B3D9-B4244D795E60}
	EndGlobalSection
EndGlobal
